
Microsoft Visual Studio Solution File, Format Version 12.00
# Visual Studio Version 17
VisualStudioVersion = 17.11.35327.3
MinimumVisualStudioVersion = 10.0.40219.1
Project("{2150E333-8FDC-42A3-9474-1A3956D46DE8}") = "Frontend", "Frontend", "{0C7ADC92-77D2-44C9-B581-E6F589CDEA44}"
EndProject
Project("{2150E333-8FDC-42A3-9474-1A3956D46DE8}") = "Services", "Services", "{C2F764D9-F1DD-44E8-91B6-1707A2300812}"
EndProject
Project("{9A19103F-16F7-4668-BE54-9A1E7A4F7556}") = "GeekShopping.Web", "GeekShopping.Web\GeekShopping.Web.csproj", "{3C93D772-CA61-471D-B01C-2F6C5A32D31F}"
EndProject
Project("{9A19103F-16F7-4668-BE54-9A1E7A4F7556}") = "GeekShopping.ProductAPI", "GeekShopping.ProductAPI\GeekShopping.ProductAPI.csproj", "{FD4D7008-A1D5-47BD-9E63-53D24384A788}"
EndProject
Project("{FAE04EC0-301F-11D3-BF4B-00C04F79EFBC}") = "GeekShopping.IdentityServerr", "GeekShopping.IdentityServerr\GeekShopping.IdentityServerr.csproj", "{061BD9D2-FDDD-4828-B177-8250B8F30E2E}"
EndProject
Project("{FAE04EC0-301F-11D3-BF4B-00C04F79EFBC}") = "GeekShopping.CartAPI", "GeekShopping.CardAPI\GeekShopping.CartAPI.csproj", "{12C1F40E-6E7B-470E-B0CC-304C32CFA007}"
EndProject
Project("{FAE04EC0-301F-11D3-BF4B-00C04F79EFBC}") = "GeekShopping.CouponAPI", "GeekShopping.CouponAPI\GeekShopping.CouponAPI.csproj", "{C1A628BD-9B7D-42E5-83FE-35E1D226A973}"
EndProject
Project("{2150E333-8FDC-42A3-9474-1A3956D46DE8}") = "Integration", "Integration", "{02EA681E-C7D8-13C7-8484-4AC65E1B71E8}"
EndProject
Project("{FAE04EC0-301F-11D3-BF4B-00C04F79EFBC}") = "GeekShopping.MessageBus", "GeekShopping.MessageBus\GeekShopping.MessageBus.csproj", "{1BB754E0-2C69-483E-AAAC-9299C89585A7}"
EndProject
Project("{FAE04EC0-301F-11D3-BF4B-00C04F79EFBC}") = "GeekShopping.OrderAPI", "GeekShopping.OrderAPI\GeekShopping.OrderAPI.csproj", "{3279C039-C4C5-49EA-87F1-EB867BEA6C6D}"
EndProject
Global
	GlobalSection(SolutionConfigurationPlatforms) = preSolution
		Debug|Any CPU = Debug|Any CPU
		Release|Any CPU = Release|Any CPU
	EndGlobalSection
	GlobalSection(ProjectConfigurationPlatforms) = postSolution
		{3C93D772-CA61-471D-B01C-2F6C5A32D31F}.Debug|Any CPU.ActiveCfg = Debug|Any CPU
		{3C93D772-CA61-471D-B01C-2F6C5A32D31F}.Debug|Any CPU.Build.0 = Debug|Any CPU
		{3C93D772-CA61-471D-B01C-2F6C5A32D31F}.Release|Any CPU.ActiveCfg = Release|Any CPU
		{3C93D772-CA61-471D-B01C-2F6C5A32D31F}.Release|Any CPU.Build.0 = Release|Any CPU
		{FD4D7008-A1D5-47BD-9E63-53D24384A788}.Debug|Any CPU.ActiveCfg = Debug|Any CPU
		{FD4D7008-A1D5-47BD-9E63-53D24384A788}.Debug|Any CPU.Build.0 = Debug|Any CPU
		{FD4D7008-A1D5-47BD-9E63-53D24384A788}.Release|Any CPU.ActiveCfg = Release|Any CPU
		{FD4D7008-A1D5-47BD-9E63-53D24384A788}.Release|Any CPU.Build.0 = Release|Any CPU
		{061BD9D2-FDDD-4828-B177-8250B8F30E2E}.Debug|Any CPU.ActiveCfg = Debug|Any CPU
		{061BD9D2-FDDD-4828-B177-8250B8F30E2E}.Debug|Any CPU.Build.0 = Debug|Any CPU
		{061BD9D2-FDDD-4828-B177-8250B8F30E2E}.Release|Any CPU.ActiveCfg = Release|Any CPU
		{061BD9D2-FDDD-4828-B177-8250B8F30E2E}.Release|Any CPU.Build.0 = Release|Any CPU
		{12C1F40E-6E7B-470E-B0CC-304C32CFA007}.Debug|Any CPU.ActiveCfg = Debug|Any CPU
		{12C1F40E-6E7B-470E-B0CC-304C32CFA007}.Debug|Any CPU.Build.0 = Debug|Any CPU
		{12C1F40E-6E7B-470E-B0CC-304C32CFA007}.Release|Any CPU.ActiveCfg = Release|Any CPU
		{12C1F40E-6E7B-470E-B0CC-304C32CFA007}.Release|Any CPU.Build.0 = Release|Any CPU
		{C1A628BD-9B7D-42E5-83FE-35E1D226A973}.Debug|Any CPU.ActiveCfg = Debug|Any CPU
		{C1A628BD-9B7D-42E5-83FE-35E1D226A973}.Debug|Any CPU.Build.0 = Debug|Any CPU
		{C1A628BD-9B7D-42E5-83FE-35E1D226A973}.Release|Any CPU.ActiveCfg = Release|Any CPU
		{C1A628BD-9B7D-42E5-83FE-35E1D226A973}.Release|Any CPU.Build.0 = Release|Any CPU
		{1BB754E0-2C69-483E-AAAC-9299C89585A7}.Debug|Any CPU.ActiveCfg = Debug|Any CPU
		{1BB754E0-2C69-483E-AAAC-9299C89585A7}.Debug|Any CPU.Build.0 = Debug|Any CPU
		{1BB754E0-2C69-483E-AAAC-9299C89585A7}.Release|Any CPU.ActiveCfg = Release|Any CPU
		{1BB754E0-2C69-483E-AAAC-9299C89585A7}.Release|Any CPU.Build.0 = Release|Any CPU
		{3279C039-C4C5-49EA-87F1-EB867BEA6C6D}.Debug|Any CPU.ActiveCfg = Debug|Any CPU
		{3279C039-C4C5-49EA-87F1-EB867BEA6C6D}.Debug|Any CPU.Build.0 = Debug|Any CPU
		{3279C039-C4C5-49EA-87F1-EB867BEA6C6D}.Release|Any CPU.ActiveCfg = Release|Any CPU
		{3279C039-C4C5-49EA-87F1-EB867BEA6C6D}.Release|Any CPU.Build.0 = Release|Any CPU
	EndGlobalSection
	GlobalSection(SolutionProperties) = preSolution
		HideSolutionNode = FALSE
	EndGlobalSection
	GlobalSection(NestedProjects) = preSolution
		{3C93D772-CA61-471D-B01C-2F6C5A32D31F} = {0C7ADC92-77D2-44C9-B581-E6F589CDEA44}
		{FD4D7008-A1D5-47BD-9E63-53D24384A788} = {C2F764D9-F1DD-44E8-91B6-1707A2300812}
		{061BD9D2-FDDD-4828-B177-8250B8F30E2E} = {C2F764D9-F1DD-44E8-91B6-1707A2300812}
		{12C1F40E-6E7B-470E-B0CC-304C32CFA007} = {C2F764D9-F1DD-44E8-91B6-1707A2300812}
		{C1A628BD-9B7D-42E5-83FE-35E1D226A973} = {C2F764D9-F1DD-44E8-91B6-1707A2300812}
		{1BB754E0-2C69-483E-AAAC-9299C89585A7} = {02EA681E-C7D8-13C7-8484-4AC65E1B71E8}
		{3279C039-C4C5-49EA-87F1-EB867BEA6C6D} = {C2F764D9-F1DD-44E8-91B6-1707A2300812}
	EndGlobalSection
	GlobalSection(ExtensibilityGlobals) = postSolution
		SolutionGuid = {073BE12B-BBBA-48FD-86A2-BEA0A2195172}
	EndGlobalSection
EndGlobal
